
Microsoft Visual Studio Solution File, Format Version 12.00
# Visual Studio Version 16
VisualStudioVersion = 16.0.31205.134
MinimumVisualStudioVersion = 10.0.40219.1
Project("{FAE04EC0-301F-11D3-BF4B-00C04F79EFBC}") = "Hangman_Final", "Hangman_Final\Hangman_Final.csproj", "{C8715869-95E1-4C48-AE06-47F1F17AE35B}"
EndProject
Global
	GlobalSection(SolutionConfigurationPlatforms) = preSolution
		Debug|Any CPU = Debug|Any CPU
		Release|Any CPU = Release|Any CPU
	EndGlobalSection
	GlobalSection(ProjectConfigurationPlatforms) = postSolution
		{C8715869-95E1-4C48-AE06-47F1F17AE35B}.Debug|Any CPU.ActiveCfg = Debug|Any CPU
		{C8715869-95E1-4C48-AE06-47F1F17AE35B}.Debug|Any CPU.Build.0 = Debug|Any CPU
		{C8715869-95E1-4C48-AE06-47F1F17AE35B}.Release|Any CPU.ActiveCfg = Release|Any CPU
		{C8715869-95E1-4C48-AE06-47F1F17AE35B}.Release|Any CPU.Build.0 = Release|Any CPU
	EndGlobalSection
	GlobalSection(SolutionProperties) = preSolution
		HideSolutionNode = FALSE
	EndGlobalSection
	GlobalSection(ExtensibilityGlobals) = postSolution
		SolutionGuid = {74925A7C-347F-45B3-B1EA-00AA577BC443}
	EndGlobalSection
EndGlobal
